
Microsoft Visual Studio Solution File, Format Version 12.00
# Visual Studio Version 17
VisualStudioVersion = 17.8.34330.188
MinimumVisualStudioVersion = 10.0.40219.1
Project("{FAE04EC0-301F-11D3-BF4B-00C04F79EFBC}") = "SignalRApi", "SignalRApi\SignalRApi.csproj", "{D911787C-19D5-4E15-B1E6-E6FA6853E3CA}"
EndProject
Project("{FAE04EC0-301F-11D3-BF4B-00C04F79EFBC}") = "SignalRWebUI", "SignalRWebUI\SignalRWebUI.csproj", "{9E031536-CA3A-40C6-B9B5-9AD36DECC8D9}"
EndProject
Global
	GlobalSection(SolutionConfigurationPlatforms) = preSolution
		Debug|Any CPU = Debug|Any CPU
		Release|Any CPU = Release|Any CPU
	EndGlobalSection
	GlobalSection(ProjectConfigurationPlatforms) = postSolution
		{D911787C-19D5-4E15-B1E6-E6FA6853E3CA}.Debug|Any CPU.ActiveCfg = Debug|Any CPU
		{D911787C-19D5-4E15-B1E6-E6FA6853E3CA}.Debug|Any CPU.Build.0 = Debug|Any CPU
		{D911787C-19D5-4E15-B1E6-E6FA6853E3CA}.Release|Any CPU.ActiveCfg = Release|Any CPU
		{D911787C-19D5-4E15-B1E6-E6FA6853E3CA}.Release|Any CPU.Build.0 = Release|Any CPU
		{9E031536-CA3A-40C6-B9B5-9AD36DECC8D9}.Debug|Any CPU.ActiveCfg = Debug|Any CPU
		{9E031536-CA3A-40C6-B9B5-9AD36DECC8D9}.Debug|Any CPU.Build.0 = Debug|Any CPU
		{9E031536-CA3A-40C6-B9B5-9AD36DECC8D9}.Release|Any CPU.ActiveCfg = Release|Any CPU
		{9E031536-CA3A-40C6-B9B5-9AD36DECC8D9}.Release|Any CPU.Build.0 = Release|Any CPU
	EndGlobalSection
	GlobalSection(SolutionProperties) = preSolution
		HideSolutionNode = FALSE
	EndGlobalSection
	GlobalSection(ExtensibilityGlobals) = postSolution
		SolutionGuid = {4F24844B-A11F-4014-8765-33F05BC6B106}
	EndGlobalSection
EndGlobal
